
Microsoft Visual Studio Solution File, Format Version 12.00
# Visual Studio Version 16
VisualStudioVersion = 16.0.29519.87
MinimumVisualStudioVersion = 10.0.40219.1
Project("{FAE04EC0-301F-11D3-BF4B-00C04F79EFBC}") = "QuanLyBanHang", "QuanLyBanHang\QuanLyBanHang.csproj", "{05039610-79C5-4416-ADF1-4F49DE810C09}"
EndProject
Project("{2150E333-8FDC-42A3-9474-1A3956D46DE8}") = "01.ConnectDB", "01.ConnectDB", "{BA57D7FA-E857-4C53-857E-A5CE029C8F65}"
EndProject
Project("{FAE04EC0-301F-11D3-BF4B-00C04F79EFBC}") = "ConnectDataBase", "ConnectDataBase\ConnectDataBase.csproj", "{FE0EC3D0-443E-4E28-80DE-FE771E75A5EC}"
EndProject
Project("{2150E333-8FDC-42A3-9474-1A3956D46DE8}") = "02.Domain", "02.Domain", "{3BEC8B65-0381-48BC-9A92-69A4D6BC72C8}"
EndProject
Project("{2150E333-8FDC-42A3-9474-1A3956D46DE8}") = "03.Repository", "03.Repository", "{FB9698DD-9E62-4BA9-9025-0A3AFC9A4C32}"
EndProject
Project("{2150E333-8FDC-42A3-9474-1A3956D46DE8}") = "04.Business", "04.Business", "{6454B301-2811-4F0D-A89F-611A2C13B071}"
EndProject
Project("{2150E333-8FDC-42A3-9474-1A3956D46DE8}") = "05.Presentation", "05.Presentation", "{F3E9BEBE-C83C-499C-B7EB-7E9528DED976}"
EndProject
Project("{FAE04EC0-301F-11D3-BF4B-00C04F79EFBC}") = "Employee", "Employee\Employee.csproj", "{6FF1176B-86AC-461C-BB69-F8B95D255D71}"
EndProject
Project("{FAE04EC0-301F-11D3-BF4B-00C04F79EFBC}") = "User", "User\User.csproj", "{D8661653-7A7E-479A-B085-D473A5A7055B}"
EndProject
Project("{FAE04EC0-301F-11D3-BF4B-00C04F79EFBC}") = "Sale", "Sale\Sale.csproj", "{6894CBCD-94CF-4B92-97D7-3BE13976C40D}"
EndProject
Project("{FAE04EC0-301F-11D3-BF4B-00C04F79EFBC}") = "Customer", "Customer\Customer.csproj", "{66DE8E97-1D67-4CC8-B378-02E02871F2CF}"
EndProject
Project("{FAE04EC0-301F-11D3-BF4B-00C04F79EFBC}") = "Product", "Product\Product.csproj", "{BDFA344A-0E51-48B8-8B6C-B0A59C2F5CBF}"
EndProject
Project("{FAE04EC0-301F-11D3-BF4B-00C04F79EFBC}") = "CustomerRepository", "CustomerRepository\CustomerRepository.csproj", "{B5AE7DC9-B209-4063-B67C-C48103973C94}"
EndProject
Project("{FAE04EC0-301F-11D3-BF4B-00C04F79EFBC}") = "CustomerBusiness", "CustomerBusiness\CustomerBusiness.csproj", "{35D6B9FF-8073-4371-9015-301FF1D3933E}"
EndProject
Project("{FAE04EC0-301F-11D3-BF4B-00C04F79EFBC}") = "EmployeeRepository", "EmployeeRepository\EmployeeRepository.csproj", "{2AE65DCF-8AD6-47F7-827C-5259AD06F8B7}"
EndProject
Project("{FAE04EC0-301F-11D3-BF4B-00C04F79EFBC}") = "EmployeeBusiness", "EmployeeExecuteSaveBusiness\EmployeeBusiness.csproj", "{7B7FD7CA-6855-4B40-A4C1-2C94E592D147}"
EndProject
Project("{FAE04EC0-301F-11D3-BF4B-00C04F79EFBC}") = "LoginRepository", "Login\LoginRepository.csproj", "{21CF07C0-3ADA-4E00-A9F2-9EE819293910}"
EndProject
Project("{FAE04EC0-301F-11D3-BF4B-00C04F79EFBC}") = "VenderRepository", "VenderRepository\VenderRepository.csproj", "{AA50B636-0E72-4465-B804-4D27FEDFAC8A}"
EndProject
Project("{FAE04EC0-301F-11D3-BF4B-00C04F79EFBC}") = "ProductRepository", "ProductRepository\ProductRepository.csproj", "{4E22E500-CAB8-4D86-8581-EE272670316E}"
EndProject
Project("{FAE04EC0-301F-11D3-BF4B-00C04F79EFBC}") = "ProductBusiness", "ProductBusiness\ProductBusiness.csproj", "{6E1B65D4-BDA0-458E-9A90-C7F4AB03DE62}"
EndProject
Project("{FAE04EC0-301F-11D3-BF4B-00C04F79EFBC}") = "SaleRepository", "SaleRepository\SaleRepository.csproj", "{E9C6A8C3-702B-46E4-91D5-D24024E0513D}"
EndProject
Project("{FAE04EC0-301F-11D3-BF4B-00C04F79EFBC}") = "SaleBusiness", "SaleBusiness\SaleBusiness.csproj", "{B64CC8AE-B284-487E-825F-1C92E220C550}"
EndProject
Project("{FAE04EC0-301F-11D3-BF4B-00C04F79EFBC}") = "UserFB", "UserFB\UserFB.csproj", "{7E4DD269-9505-4FC0-B4B9-E4DFD85EF9C4}"
EndProject
Global
	GlobalSection(SolutionConfigurationPlatforms) = preSolution
		Debug|Any CPU = Debug|Any CPU
		Release|Any CPU = Release|Any CPU
	EndGlobalSection
	GlobalSection(ProjectConfigurationPlatforms) = postSolution
		{05039610-79C5-4416-ADF1-4F49DE810C09}.Debug|Any CPU.ActiveCfg = Debug|Any CPU
		{05039610-79C5-4416-ADF1-4F49DE810C09}.Debug|Any CPU.Build.0 = Debug|Any CPU
		{05039610-79C5-4416-ADF1-4F49DE810C09}.Release|Any CPU.ActiveCfg = Release|Any CPU
		{05039610-79C5-4416-ADF1-4F49DE810C09}.Release|Any CPU.Build.0 = Release|Any CPU
		{FE0EC3D0-443E-4E28-80DE-FE771E75A5EC}.Debug|Any CPU.ActiveCfg = Debug|Any CPU
		{FE0EC3D0-443E-4E28-80DE-FE771E75A5EC}.Debug|Any CPU.Build.0 = Debug|Any CPU
		{FE0EC3D0-443E-4E28-80DE-FE771E75A5EC}.Release|Any CPU.ActiveCfg = Release|Any CPU
		{FE0EC3D0-443E-4E28-80DE-FE771E75A5EC}.Release|Any CPU.Build.0 = Release|Any CPU
		{6FF1176B-86AC-461C-BB69-F8B95D255D71}.Debug|Any CPU.ActiveCfg = Debug|Any CPU
		{6FF1176B-86AC-461C-BB69-F8B95D255D71}.Debug|Any CPU.Build.0 = Debug|Any CPU
		{6FF1176B-86AC-461C-BB69-F8B95D255D71}.Release|Any CPU.ActiveCfg = Release|Any CPU
		{6FF1176B-86AC-461C-BB69-F8B95D255D71}.Release|Any CPU.Build.0 = Release|Any CPU
		{D8661653-7A7E-479A-B085-D473A5A7055B}.Debug|Any CPU.ActiveCfg = Debug|Any CPU
		{D8661653-7A7E-479A-B085-D473A5A7055B}.Debug|Any CPU.Build.0 = Debug|Any CPU
		{D8661653-7A7E-479A-B085-D473A5A7055B}.Release|Any CPU.ActiveCfg = Release|Any CPU
		{D8661653-7A7E-479A-B085-D473A5A7055B}.Release|Any CPU.Build.0 = Release|Any CPU
		{6894CBCD-94CF-4B92-97D7-3BE13976C40D}.Debug|Any CPU.ActiveCfg = Debug|Any CPU
		{6894CBCD-94CF-4B92-97D7-3BE13976C40D}.Debug|Any CPU.Build.0 = Debug|Any CPU
		{6894CBCD-94CF-4B92-97D7-3BE13976C40D}.Release|Any CPU.ActiveCfg = Release|Any CPU
		{6894CBCD-94CF-4B92-97D7-3BE13976C40D}.Release|Any CPU.Build.0 = Release|Any CPU
		{66DE8E97-1D67-4CC8-B378-02E02871F2CF}.Debug|Any CPU.ActiveCfg = Debug|Any CPU
		{66DE8E97-1D67-4CC8-B378-02E02871F2CF}.Debug|Any CPU.Build.0 = Debug|Any CPU
		{66DE8E97-1D67-4CC8-B378-02E02871F2CF}.Release|Any CPU.ActiveCfg = Release|Any CPU
		{66DE8E97-1D67-4CC8-B378-02E02871F2CF}.Release|Any CPU.Build.0 = Release|Any CPU
		{BDFA344A-0E51-48B8-8B6C-B0A59C2F5CBF}.Debug|Any CPU.ActiveCfg = Debug|Any CPU
		{BDFA344A-0E51-48B8-8B6C-B0A59C2F5CBF}.Debug|Any CPU.Build.0 = Debug|Any CPU
		{BDFA344A-0E51-48B8-8B6C-B0A59C2F5CBF}.Release|Any CPU.ActiveCfg = Release|Any CPU
		{BDFA344A-0E51-48B8-8B6C-B0A59C2F5CBF}.Release|Any CPU.Build.0 = Release|Any CPU
		{B5AE7DC9-B209-4063-B67C-C48103973C94}.Debug|Any CPU.ActiveCfg = Debug|Any CPU
		{B5AE7DC9-B209-4063-B67C-C48103973C94}.Debug|Any CPU.Build.0 = Debug|Any CPU
		{B5AE7DC9-B209-4063-B67C-C48103973C94}.Release|Any CPU.ActiveCfg = Release|Any CPU
		{B5AE7DC9-B209-4063-B67C-C48103973C94}.Release|Any CPU.Build.0 = Release|Any CPU
		{35D6B9FF-8073-4371-9015-301FF1D3933E}.Debug|Any CPU.ActiveCfg = Debug|Any CPU
		{35D6B9FF-8073-4371-9015-301FF1D3933E}.Debug|Any CPU.Build.0 = Debug|Any CPU
		{35D6B9FF-8073-4371-9015-301FF1D3933E}.Release|Any CPU.ActiveCfg = Release|Any CPU
		{35D6B9FF-8073-4371-9015-301FF1D3933E}.Release|Any CPU.Build.0 = Release|Any CPU
		{2AE65DCF-8AD6-47F7-827C-5259AD06F8B7}.Debug|Any CPU.ActiveCfg = Debug|Any CPU
		{2AE65DCF-8AD6-47F7-827C-5259AD06F8B7}.Debug|Any CPU.Build.0 = Debug|Any CPU
		{2AE65DCF-8AD6-47F7-827C-5259AD06F8B7}.Release|Any CPU.ActiveCfg = Release|Any CPU
		{2AE65DCF-8AD6-47F7-827C-5259AD06F8B7}.Release|Any CPU.Build.0 = Release|Any CPU
		{7B7FD7CA-6855-4B40-A4C1-2C94E592D147}.Debug|Any CPU.ActiveCfg = Debug|Any CPU
		{7B7FD7CA-6855-4B40-A4C1-2C94E592D147}.Debug|Any CPU.Build.0 = Debug|Any CPU
		{7B7FD7CA-6855-4B40-A4C1-2C94E592D147}.Release|Any CPU.ActiveCfg = Release|Any CPU
		{7B7FD7CA-6855-4B40-A4C1-2C94E592D147}.Release|Any CPU.Build.0 = Release|Any CPU
		{21CF07C0-3ADA-4E00-A9F2-9EE819293910}.Debug|Any CPU.ActiveCfg = Debug|Any CPU
		{21CF07C0-3ADA-4E00-A9F2-9EE819293910}.Debug|Any CPU.Build.0 = Debug|Any CPU
		{21CF07C0-3ADA-4E00-A9F2-9EE819293910}.Release|Any CPU.ActiveCfg = Release|Any CPU
		{21CF07C0-3ADA-4E00-A9F2-9EE819293910}.Release|Any CPU.Build.0 = Release|Any CPU
		{AA50B636-0E72-4465-B804-4D27FEDFAC8A}.Debug|Any CPU.ActiveCfg = Debug|Any CPU
		{AA50B636-0E72-4465-B804-4D27FEDFAC8A}.Debug|Any CPU.Build.0 = Debug|Any CPU
		{AA50B636-0E72-4465-B804-4D27FEDFAC8A}.Release|Any CPU.ActiveCfg = Release|Any CPU
		{AA50B636-0E72-4465-B804-4D27FEDFAC8A}.Release|Any CPU.Build.0 = Release|Any CPU
		{4E22E500-CAB8-4D86-8581-EE272670316E}.Debug|Any CPU.ActiveCfg = Debug|Any CPU
		{4E22E500-CAB8-4D86-8581-EE272670316E}.Debug|Any CPU.Build.0 = Debug|Any CPU
		{4E22E500-CAB8-4D86-8581-EE272670316E}.Release|Any CPU.ActiveCfg = Release|Any CPU
		{4E22E500-CAB8-4D86-8581-EE272670316E}.Release|Any CPU.Build.0 = Release|Any CPU
		{6E1B65D4-BDA0-458E-9A90-C7F4AB03DE62}.Debug|Any CPU.ActiveCfg = Debug|Any CPU
		{6E1B65D4-BDA0-458E-9A90-C7F4AB03DE62}.Debug|Any CPU.Build.0 = Debug|Any CPU
		{6E1B65D4-BDA0-458E-9A90-C7F4AB03DE62}.Release|Any CPU.ActiveCfg = Release|Any CPU
		{6E1B65D4-BDA0-458E-9A90-C7F4AB03DE62}.Release|Any CPU.Build.0 = Release|Any CPU
		{E9C6A8C3-702B-46E4-91D5-D24024E0513D}.Debug|Any CPU.ActiveCfg = Debug|Any CPU
		{E9C6A8C3-702B-46E4-91D5-D24024E0513D}.Debug|Any CPU.Build.0 = Debug|Any CPU
		{E9C6A8C3-702B-46E4-91D5-D24024E0513D}.Release|Any CPU.ActiveCfg = Release|Any CPU
		{E9C6A8C3-702B-46E4-91D5-D24024E0513D}.Release|Any CPU.Build.0 = Release|Any CPU
		{B64CC8AE-B284-487E-825F-1C92E220C550}.Debug|Any CPU.ActiveCfg = Debug|Any CPU
		{B64CC8AE-B284-487E-825F-1C92E220C550}.Debug|Any CPU.Build.0 = Debug|Any CPU
		{B64CC8AE-B284-487E-825F-1C92E220C550}.Release|Any CPU.ActiveCfg = Release|Any CPU
		{B64CC8AE-B284-487E-825F-1C92E220C550}.Release|Any CPU.Build.0 = Release|Any CPU
		{7E4DD269-9505-4FC0-B4B9-E4DFD85EF9C4}.Debug|Any CPU.ActiveCfg = Debug|Any CPU
		{7E4DD269-9505-4FC0-B4B9-E4DFD85EF9C4}.Debug|Any CPU.Build.0 = Debug|Any CPU
		{7E4DD269-9505-4FC0-B4B9-E4DFD85EF9C4}.Release|Any CPU.ActiveCfg = Release|Any CPU
		{7E4DD269-9505-4FC0-B4B9-E4DFD85EF9C4}.Release|Any CPU.Build.0 = Release|Any CPU
	EndGlobalSection
	GlobalSection(SolutionProperties) = preSolution
		HideSolutionNode = FALSE
	EndGlobalSection
	GlobalSection(NestedProjects) = preSolution
		{05039610-79C5-4416-ADF1-4F49DE810C09} = {F3E9BEBE-C83C-499C-B7EB-7E9528DED976}
		{FE0EC3D0-443E-4E28-80DE-FE771E75A5EC} = {BA57D7FA-E857-4C53-857E-A5CE029C8F65}
		{6FF1176B-86AC-461C-BB69-F8B95D255D71} = {3BEC8B65-0381-48BC-9A92-69A4D6BC72C8}
		{D8661653-7A7E-479A-B085-D473A5A7055B} = {3BEC8B65-0381-48BC-9A92-69A4D6BC72C8}
		{6894CBCD-94CF-4B92-97D7-3BE13976C40D} = {3BEC8B65-0381-48BC-9A92-69A4D6BC72C8}
		{66DE8E97-1D67-4CC8-B378-02E02871F2CF} = {3BEC8B65-0381-48BC-9A92-69A4D6BC72C8}
		{BDFA344A-0E51-48B8-8B6C-B0A59C2F5CBF} = {3BEC8B65-0381-48BC-9A92-69A4D6BC72C8}
		{B5AE7DC9-B209-4063-B67C-C48103973C94} = {FB9698DD-9E62-4BA9-9025-0A3AFC9A4C32}
		{35D6B9FF-8073-4371-9015-301FF1D3933E} = {6454B301-2811-4F0D-A89F-611A2C13B071}
		{2AE65DCF-8AD6-47F7-827C-5259AD06F8B7} = {FB9698DD-9E62-4BA9-9025-0A3AFC9A4C32}
		{7B7FD7CA-6855-4B40-A4C1-2C94E592D147} = {6454B301-2811-4F0D-A89F-611A2C13B071}
		{21CF07C0-3ADA-4E00-A9F2-9EE819293910} = {FB9698DD-9E62-4BA9-9025-0A3AFC9A4C32}
		{AA50B636-0E72-4465-B804-4D27FEDFAC8A} = {FB9698DD-9E62-4BA9-9025-0A3AFC9A4C32}
		{4E22E500-CAB8-4D86-8581-EE272670316E} = {FB9698DD-9E62-4BA9-9025-0A3AFC9A4C32}
		{6E1B65D4-BDA0-458E-9A90-C7F4AB03DE62} = {6454B301-2811-4F0D-A89F-611A2C13B071}
		{E9C6A8C3-702B-46E4-91D5-D24024E0513D} = {FB9698DD-9E62-4BA9-9025-0A3AFC9A4C32}
		{B64CC8AE-B284-487E-825F-1C92E220C550} = {6454B301-2811-4F0D-A89F-611A2C13B071}
		{7E4DD269-9505-4FC0-B4B9-E4DFD85EF9C4} = {FB9698DD-9E62-4BA9-9025-0A3AFC9A4C32}
	EndGlobalSection
	GlobalSection(ExtensibilityGlobals) = postSolution
		SolutionGuid = {83A88A7B-4961-4B33-AC6B-D6E35D4DCF17}
	EndGlobalSection
EndGlobal
